
Microsoft Visual Studio Solution File, Format Version 11.00
# Visual Studio 2010
Project("{FAE04EC0-301F-11D3-BF4B-00C04F79EFBC}") = "saraa_app_hub", "saraa_app_hub\saraa_app_hub.csproj", "{D67B12E0-D2B4-4080-945D-32B7C128ACCE}"
EndProject
Global
	GlobalSection(SolutionConfigurationPlatforms) = preSolution
		Debug|Any CPU = Debug|Any CPU
		Release|Any CPU = Release|Any CPU
	EndGlobalSection
	GlobalSection(ProjectConfigurationPlatforms) = postSolution
		{D67B12E0-D2B4-4080-945D-32B7C128ACCE}.Debug|Any CPU.ActiveCfg = Debug|Any CPU
		{D67B12E0-D2B4-4080-945D-32B7C128ACCE}.Debug|Any CPU.Build.0 = Debug|Any CPU
		{D67B12E0-D2B4-4080-945D-32B7C128ACCE}.Release|Any CPU.ActiveCfg = Release|Any CPU
		{D67B12E0-D2B4-4080-945D-32B7C128ACCE}.Release|Any CPU.Build.0 = Release|Any CPU
	EndGlobalSection
	GlobalSection(SolutionProperties) = preSolution
		HideSolutionNode = FALSE
	EndGlobalSection
EndGlobal
